
Microsoft Visual Studio Solution File, Format Version 12.00
# Visual Studio Version 17
VisualStudioVersion = 17.4.33213.308
MinimumVisualStudioVersion = 10.0.40219.1
Project("{2150E333-8FDC-42A3-9474-1A3956D46DE8}") = "src", "src", "{131CFBCB-F14C-4B68-8412-04009472C5BF}"
EndProject
Project("{2150E333-8FDC-42A3-9474-1A3956D46DE8}") = "Core", "Core", "{84B9BC45-97FB-4D48-BFD2-BEF4A0E65172}"
EndProject
Project("{2150E333-8FDC-42A3-9474-1A3956D46DE8}") = "Infrestructure", "Infrestructure", "{4BECDA8D-EBE2-4871-A6A1-FFAC38361710}"
EndProject
Project("{2150E333-8FDC-42A3-9474-1A3956D46DE8}") = "Presentation", "Presentation", "{92B75AF1-C32A-4925-8728-9B5DBADB00EC}"
EndProject
Project("{FAE04EC0-301F-11D3-BF4B-00C04F79EFBC}") = "Application", "Application\Application.csproj", "{DE81BBAC-A3F4-4A76-B7BA-02E1B1BBF870}"
EndProject
Project("{FAE04EC0-301F-11D3-BF4B-00C04F79EFBC}") = "Domain", "Domain\Domain.csproj", "{E55695E1-266D-4C9F-A269-F8034BCB7C5B}"
EndProject
Project("{FAE04EC0-301F-11D3-BF4B-00C04F79EFBC}") = "Persistence", "Persistence\Persistence.csproj", "{D581F50C-78B6-493F-AAFF-8A052C9E3D47}"
EndProject
Project("{FAE04EC0-301F-11D3-BF4B-00C04F79EFBC}") = "Shared", "Shared\Shared.csproj", "{76027DEA-BC60-4452-81FA-7E0669E42973}"
EndProject
Project("{FAE04EC0-301F-11D3-BF4B-00C04F79EFBC}") = "WebApi", "WebApi\WebApi.csproj", "{7FD7FD55-8DB7-4F5E-92A1-2FDB33A5ACA6}"
EndProject
Global
	GlobalSection(SolutionConfigurationPlatforms) = preSolution
		Debug|Any CPU = Debug|Any CPU
		Release|Any CPU = Release|Any CPU
	EndGlobalSection
	GlobalSection(ProjectConfigurationPlatforms) = postSolution
		{DE81BBAC-A3F4-4A76-B7BA-02E1B1BBF870}.Debug|Any CPU.ActiveCfg = Debug|Any CPU
		{DE81BBAC-A3F4-4A76-B7BA-02E1B1BBF870}.Debug|Any CPU.Build.0 = Debug|Any CPU
		{DE81BBAC-A3F4-4A76-B7BA-02E1B1BBF870}.Release|Any CPU.ActiveCfg = Release|Any CPU
		{DE81BBAC-A3F4-4A76-B7BA-02E1B1BBF870}.Release|Any CPU.Build.0 = Release|Any CPU
		{E55695E1-266D-4C9F-A269-F8034BCB7C5B}.Debug|Any CPU.ActiveCfg = Debug|Any CPU
		{E55695E1-266D-4C9F-A269-F8034BCB7C5B}.Debug|Any CPU.Build.0 = Debug|Any CPU
		{E55695E1-266D-4C9F-A269-F8034BCB7C5B}.Release|Any CPU.ActiveCfg = Release|Any CPU
		{E55695E1-266D-4C9F-A269-F8034BCB7C5B}.Release|Any CPU.Build.0 = Release|Any CPU
		{D581F50C-78B6-493F-AAFF-8A052C9E3D47}.Debug|Any CPU.ActiveCfg = Debug|Any CPU
		{D581F50C-78B6-493F-AAFF-8A052C9E3D47}.Debug|Any CPU.Build.0 = Debug|Any CPU
		{D581F50C-78B6-493F-AAFF-8A052C9E3D47}.Release|Any CPU.ActiveCfg = Release|Any CPU
		{D581F50C-78B6-493F-AAFF-8A052C9E3D47}.Release|Any CPU.Build.0 = Release|Any CPU
		{76027DEA-BC60-4452-81FA-7E0669E42973}.Debug|Any CPU.ActiveCfg = Debug|Any CPU
		{76027DEA-BC60-4452-81FA-7E0669E42973}.Debug|Any CPU.Build.0 = Debug|Any CPU
		{76027DEA-BC60-4452-81FA-7E0669E42973}.Release|Any CPU.ActiveCfg = Release|Any CPU
		{76027DEA-BC60-4452-81FA-7E0669E42973}.Release|Any CPU.Build.0 = Release|Any CPU
		{7FD7FD55-8DB7-4F5E-92A1-2FDB33A5ACA6}.Debug|Any CPU.ActiveCfg = Debug|Any CPU
		{7FD7FD55-8DB7-4F5E-92A1-2FDB33A5ACA6}.Debug|Any CPU.Build.0 = Debug|Any CPU
		{7FD7FD55-8DB7-4F5E-92A1-2FDB33A5ACA6}.Release|Any CPU.ActiveCfg = Release|Any CPU
		{7FD7FD55-8DB7-4F5E-92A1-2FDB33A5ACA6}.Release|Any CPU.Build.0 = Release|Any CPU
	EndGlobalSection
	GlobalSection(SolutionProperties) = preSolution
		HideSolutionNode = FALSE
	EndGlobalSection
	GlobalSection(NestedProjects) = preSolution
		{84B9BC45-97FB-4D48-BFD2-BEF4A0E65172} = {131CFBCB-F14C-4B68-8412-04009472C5BF}
		{4BECDA8D-EBE2-4871-A6A1-FFAC38361710} = {131CFBCB-F14C-4B68-8412-04009472C5BF}
		{92B75AF1-C32A-4925-8728-9B5DBADB00EC} = {131CFBCB-F14C-4B68-8412-04009472C5BF}
		{DE81BBAC-A3F4-4A76-B7BA-02E1B1BBF870} = {84B9BC45-97FB-4D48-BFD2-BEF4A0E65172}
		{E55695E1-266D-4C9F-A269-F8034BCB7C5B} = {84B9BC45-97FB-4D48-BFD2-BEF4A0E65172}
		{D581F50C-78B6-493F-AAFF-8A052C9E3D47} = {4BECDA8D-EBE2-4871-A6A1-FFAC38361710}
		{76027DEA-BC60-4452-81FA-7E0669E42973} = {4BECDA8D-EBE2-4871-A6A1-FFAC38361710}
		{7FD7FD55-8DB7-4F5E-92A1-2FDB33A5ACA6} = {92B75AF1-C32A-4925-8728-9B5DBADB00EC}
	EndGlobalSection
	GlobalSection(ExtensibilityGlobals) = postSolution
		SolutionGuid = {74756C6F-892A-4D5B-AA3E-3A96ECF19454}
	EndGlobalSection
EndGlobal
